
Microsoft Visual Studio Solution File, Format Version 12.00
# Visual Studio Version 16
VisualStudioVersion = 16.0.31205.134
MinimumVisualStudioVersion = 10.0.40219.1
Project("{FAE04EC0-301F-11D3-BF4B-00C04F79EFBC}") = "DependencyEx-1", "DependencyEx-1.csproj", "{92216218-BF03-4F39-804E-F31C9F5CFC8B}"
EndProject
Project("{FAE04EC0-301F-11D3-BF4B-00C04F79EFBC}") = "DIEx-2", "..\DIEx-2\DIEx-2.csproj", "{BE1DAD26-5CC6-404E-B7FF-895E9964BF6E}"
EndProject
Global
	GlobalSection(SolutionConfigurationPlatforms) = preSolution
		Debug|Any CPU = Debug|Any CPU
		Release|Any CPU = Release|Any CPU
	EndGlobalSection
	GlobalSection(ProjectConfigurationPlatforms) = postSolution
		{92216218-BF03-4F39-804E-F31C9F5CFC8B}.Debug|Any CPU.ActiveCfg = Debug|Any CPU
		{92216218-BF03-4F39-804E-F31C9F5CFC8B}.Debug|Any CPU.Build.0 = Debug|Any CPU
		{92216218-BF03-4F39-804E-F31C9F5CFC8B}.Release|Any CPU.ActiveCfg = Release|Any CPU
		{92216218-BF03-4F39-804E-F31C9F5CFC8B}.Release|Any CPU.Build.0 = Release|Any CPU
		{BE1DAD26-5CC6-404E-B7FF-895E9964BF6E}.Debug|Any CPU.ActiveCfg = Debug|Any CPU
		{BE1DAD26-5CC6-404E-B7FF-895E9964BF6E}.Debug|Any CPU.Build.0 = Debug|Any CPU
		{BE1DAD26-5CC6-404E-B7FF-895E9964BF6E}.Release|Any CPU.ActiveCfg = Release|Any CPU
		{BE1DAD26-5CC6-404E-B7FF-895E9964BF6E}.Release|Any CPU.Build.0 = Release|Any CPU
	EndGlobalSection
	GlobalSection(SolutionProperties) = preSolution
		HideSolutionNode = FALSE
	EndGlobalSection
	GlobalSection(ExtensibilityGlobals) = postSolution
		SolutionGuid = {661BF1DF-FC4C-4069-886B-0869D94B4ECA}
	EndGlobalSection
EndGlobal
