
Microsoft Visual Studio Solution File, Format Version 12.00
# Visual Studio Version 16
VisualStudioVersion = 16.0.31205.134
MinimumVisualStudioVersion = 10.0.40219.1
Project("{9A19103F-16F7-4668-BE54-9A1E7A4F7556}") = "Example1", "Example1\Example1.csproj", "{0D1C9A82-4EDE-4BE2-98BF-E18F08C44163}"
EndProject
Project("{9A19103F-16F7-4668-BE54-9A1E7A4F7556}") = "QuantifierOperations_LINQ", "QuantifierOperations_LINQ\QuantifierOperations_LINQ.csproj", "{F7D7EA63-D69A-41A7-80CE-750457F70E85}"
EndProject
Project("{9A19103F-16F7-4668-BE54-9A1E7A4F7556}") = "SubString", "SubString\SubString.csproj", "{82D078CB-B31C-4B94-81CB-E2AB53B719AF}"
EndProject
Project("{9A19103F-16F7-4668-BE54-9A1E7A4F7556}") = "SelectVsSelectMany", "SelectVsSelectMany\SelectVsSelectMany.csproj", "{14187DF8-537E-4EB6-BFD1-3856B845745F}"
EndProject
Project("{9A19103F-16F7-4668-BE54-9A1E7A4F7556}") = "JoinOperation", "JoinOperation\JoinOperation.csproj", "{22B74D79-64D1-4B61-B315-52C7702D5AC5}"
EndProject
Project("{9A19103F-16F7-4668-BE54-9A1E7A4F7556}") = "LINQMethod", "LINQMethod\LINQMethod.csproj", "{9BF407EF-12E9-4770-B498-9859E32E05F2}"
EndProject
Project("{FAE04EC0-301F-11D3-BF4B-00C04F79EFBC}") = "ManyFileUsingGroup", "ManyFileUsingGroup\ManyFileUsingGroup.csproj", "{E01051B2-B425-4676-BC4E-FCA35C095E05}"
EndProject
Project("{FAE04EC0-301F-11D3-BF4B-00C04F79EFBC}") = "PopulateObjCollection", "PopulateObjCollection\PopulateObjCollection.csproj", "{E926C098-B542-437D-B10C-4E9BBE534CE8}"
EndProject
Global
	GlobalSection(SolutionConfigurationPlatforms) = preSolution
		Debug|Any CPU = Debug|Any CPU
		Release|Any CPU = Release|Any CPU
	EndGlobalSection
	GlobalSection(ProjectConfigurationPlatforms) = postSolution
		{0D1C9A82-4EDE-4BE2-98BF-E18F08C44163}.Debug|Any CPU.ActiveCfg = Debug|Any CPU
		{0D1C9A82-4EDE-4BE2-98BF-E18F08C44163}.Debug|Any CPU.Build.0 = Debug|Any CPU
		{0D1C9A82-4EDE-4BE2-98BF-E18F08C44163}.Release|Any CPU.ActiveCfg = Release|Any CPU
		{0D1C9A82-4EDE-4BE2-98BF-E18F08C44163}.Release|Any CPU.Build.0 = Release|Any CPU
		{F7D7EA63-D69A-41A7-80CE-750457F70E85}.Debug|Any CPU.ActiveCfg = Debug|Any CPU
		{F7D7EA63-D69A-41A7-80CE-750457F70E85}.Debug|Any CPU.Build.0 = Debug|Any CPU
		{F7D7EA63-D69A-41A7-80CE-750457F70E85}.Release|Any CPU.ActiveCfg = Release|Any CPU
		{F7D7EA63-D69A-41A7-80CE-750457F70E85}.Release|Any CPU.Build.0 = Release|Any CPU
		{82D078CB-B31C-4B94-81CB-E2AB53B719AF}.Debug|Any CPU.ActiveCfg = Debug|Any CPU
		{82D078CB-B31C-4B94-81CB-E2AB53B719AF}.Debug|Any CPU.Build.0 = Debug|Any CPU
		{82D078CB-B31C-4B94-81CB-E2AB53B719AF}.Release|Any CPU.ActiveCfg = Release|Any CPU
		{82D078CB-B31C-4B94-81CB-E2AB53B719AF}.Release|Any CPU.Build.0 = Release|Any CPU
		{14187DF8-537E-4EB6-BFD1-3856B845745F}.Debug|Any CPU.ActiveCfg = Debug|Any CPU
		{14187DF8-537E-4EB6-BFD1-3856B845745F}.Debug|Any CPU.Build.0 = Debug|Any CPU
		{14187DF8-537E-4EB6-BFD1-3856B845745F}.Release|Any CPU.ActiveCfg = Release|Any CPU
		{14187DF8-537E-4EB6-BFD1-3856B845745F}.Release|Any CPU.Build.0 = Release|Any CPU
		{22B74D79-64D1-4B61-B315-52C7702D5AC5}.Debug|Any CPU.ActiveCfg = Debug|Any CPU
		{22B74D79-64D1-4B61-B315-52C7702D5AC5}.Debug|Any CPU.Build.0 = Debug|Any CPU
		{22B74D79-64D1-4B61-B315-52C7702D5AC5}.Release|Any CPU.ActiveCfg = Release|Any CPU
		{22B74D79-64D1-4B61-B315-52C7702D5AC5}.Release|Any CPU.Build.0 = Release|Any CPU
		{9BF407EF-12E9-4770-B498-9859E32E05F2}.Debug|Any CPU.ActiveCfg = Debug|Any CPU
		{9BF407EF-12E9-4770-B498-9859E32E05F2}.Debug|Any CPU.Build.0 = Debug|Any CPU
		{9BF407EF-12E9-4770-B498-9859E32E05F2}.Release|Any CPU.ActiveCfg = Release|Any CPU
		{9BF407EF-12E9-4770-B498-9859E32E05F2}.Release|Any CPU.Build.0 = Release|Any CPU
		{E01051B2-B425-4676-BC4E-FCA35C095E05}.Debug|Any CPU.ActiveCfg = Debug|Any CPU
		{E01051B2-B425-4676-BC4E-FCA35C095E05}.Debug|Any CPU.Build.0 = Debug|Any CPU
		{E01051B2-B425-4676-BC4E-FCA35C095E05}.Release|Any CPU.ActiveCfg = Release|Any CPU
		{E01051B2-B425-4676-BC4E-FCA35C095E05}.Release|Any CPU.Build.0 = Release|Any CPU
		{E926C098-B542-437D-B10C-4E9BBE534CE8}.Debug|Any CPU.ActiveCfg = Debug|Any CPU
		{E926C098-B542-437D-B10C-4E9BBE534CE8}.Debug|Any CPU.Build.0 = Debug|Any CPU
		{E926C098-B542-437D-B10C-4E9BBE534CE8}.Release|Any CPU.ActiveCfg = Release|Any CPU
		{E926C098-B542-437D-B10C-4E9BBE534CE8}.Release|Any CPU.Build.0 = Release|Any CPU
	EndGlobalSection
	GlobalSection(SolutionProperties) = preSolution
		HideSolutionNode = FALSE
	EndGlobalSection
	GlobalSection(ExtensibilityGlobals) = postSolution
		SolutionGuid = {C8990D2C-9F87-4BD0-8E95-E368DB96D0D0}
	EndGlobalSection
EndGlobal
