
Microsoft Visual Studio Solution File, Format Version 12.00
# Visual Studio Version 16
VisualStudioVersion = 16.0.31129.286
MinimumVisualStudioVersion = 10.0.40219.1
Project("{9A19103F-16F7-4668-BE54-9A1E7A4F7556}") = "LinqExample", "LinqExample\LinqExample.csproj", "{A8746A4A-DC1F-4045-B77A-D204C8B52961}"
EndProject
Project("{9A19103F-16F7-4668-BE54-9A1E7A4F7556}") = "LINQ_Problem", "LINQ_Problem\LINQ_Problem.csproj", "{0A771055-EA03-493C-A936-F0FAC8831A6D}"
EndProject
Project("{9A19103F-16F7-4668-BE54-9A1E7A4F7556}") = "LinqProblem2", "LinqProblem2\LinqProblem2.csproj", "{854581F7-B071-45B1-B031-CA746D2DAC08}"
EndProject
Project("{9A19103F-16F7-4668-BE54-9A1E7A4F7556}") = "LinqExample3", "LinqExample3\LinqExample3.csproj", "{3FCB87CA-8B24-4BF9-8DB6-B7392D6BD08D}"
EndProject
Project("{9A19103F-16F7-4668-BE54-9A1E7A4F7556}") = "FunctionEx-1", "FunctionEx-1\FunctionEx-1.csproj", "{802F5CC5-2371-4051-9A95-431FD0E3545A}"
EndProject
Project("{2150E333-8FDC-42A3-9474-1A3956D46DE8}") = "Event and Deleget", "Event and Deleget", "{FCD60A90-CB69-487F-BC85-5F92F201F16D}"
EndProject
Project("{9A19103F-16F7-4668-BE54-9A1E7A4F7556}") = "EventExample", "EventExample\EventExample.csproj", "{A5637085-8D68-4D77-96DE-33CFC7FC73A7}"
EndProject
Project("{9A19103F-16F7-4668-BE54-9A1E7A4F7556}") = "DelExample1", "DelExample1\DelExample1.csproj", "{10644D02-42DB-491D-BEBC-5565A2812CF2}"
EndProject
Project("{9A19103F-16F7-4668-BE54-9A1E7A4F7556}") = "DelExample2", "DelExample2\DelExample2.csproj", "{0666825F-1D41-4A27-A6A1-99F6FF357042}"
EndProject
Project("{9A19103F-16F7-4668-BE54-9A1E7A4F7556}") = "DelExample3", "DelExample3\DelExample3.csproj", "{6CC72B8F-8C7D-4F1A-BA98-F3CC55F04DA4}"
EndProject
Project("{9A19103F-16F7-4668-BE54-9A1E7A4F7556}") = "DelExample4", "DelExample4\DelExample4.csproj", "{C796BCFD-06B7-4BA5-8359-FF6FC8F9C9FC}"
EndProject
Project("{2150E333-8FDC-42A3-9474-1A3956D46DE8}") = "FunctionandAction", "FunctionandAction", "{BDF34D23-5919-4071-BC7B-3161823C81ED}"
EndProject
Project("{9A19103F-16F7-4668-BE54-9A1E7A4F7556}") = "FunActionEx", "FunActionEx\FunActionEx.csproj", "{03B6CDB9-52AF-4E95-8B28-E765CDEF7522}"
EndProject
Project("{9A19103F-16F7-4668-BE54-9A1E7A4F7556}") = "EventEx2", "EventEx2\EventEx2.csproj", "{DD68EAAD-56CA-4B8D-9323-08E8B89AC1A1}"
EndProject
Project("{9A19103F-16F7-4668-BE54-9A1E7A4F7556}") = "ThreadsEx1", "ThreadsEx1\ThreadsEx1.csproj", "{DA65B51F-CEAD-4501-A4CC-6C560EF3B106}"
EndProject
Project("{2150E333-8FDC-42A3-9474-1A3956D46DE8}") = "Reflection", "Reflection", "{5118E834-3ACB-40E2-A364-C348073347D7}"
EndProject
Project("{9A19103F-16F7-4668-BE54-9A1E7A4F7556}") = "ReflectionEx", "ReflectionEx\ReflectionEx.csproj", "{2A423E97-1341-49FD-9038-071DE3FB6E7A}"
EndProject
Project("{9A19103F-16F7-4668-BE54-9A1E7A4F7556}") = "Example-1", "Example-1\Example-1.csproj", "{67EF25BD-13EB-4028-8236-BD59D98ADE9C}"
EndProject
Project("{9A19103F-16F7-4668-BE54-9A1E7A4F7556}") = "Example2", "Example2\Example2.csproj", "{B4DE2FA8-BA4D-444D-ACA5-1E49E4471D59}"
EndProject
Project("{9A19103F-16F7-4668-BE54-9A1E7A4F7556}") = "Example-3_R", "Example-3_R\Example-3_R.csproj", "{AE5F5EDC-EA83-4EDB-B525-983D6A287655}"
EndProject
Project("{9A19103F-16F7-4668-BE54-9A1E7A4F7556}") = "RefEx-4", "RefEx-4\RefEx-4.csproj", "{C10858D1-8F17-48CC-88BA-A77C8E62F683}"
EndProject
Project("{9A19103F-16F7-4668-BE54-9A1E7A4F7556}") = "RefEx5", "RefEx5\RefEx5.csproj", "{4F170A81-82EA-4A4A-92C8-D7723166E256}"
EndProject
Project("{9A19103F-16F7-4668-BE54-9A1E7A4F7556}") = "DynamicAssem", "DynamicAssem\DynamicAssem.csproj", "{B12E62B3-917E-4112-9BE1-58E4E5FAB153}"
EndProject
Project("{9A19103F-16F7-4668-BE54-9A1E7A4F7556}") = "DeligateSum", "DeligateSum\DeligateSum.csproj", "{BE564010-CC56-4D5C-B92F-E4190131B84D}"
EndProject
Project("{9A19103F-16F7-4668-BE54-9A1E7A4F7556}") = "ArrayOfDeli", "ArrayOfDeli\ArrayOfDeli.csproj", "{A720D7FB-C338-4A42-80E6-6E98C46679AE}"
EndProject
Project("{2150E333-8FDC-42A3-9474-1A3956D46DE8}") = "LINQ", "LINQ", "{94707E0D-2B9F-4ABE-9FF0-06F2C0181513}"
EndProject
Project("{9A19103F-16F7-4668-BE54-9A1E7A4F7556}") = "LINQEX-1", "LINQEX-1\LINQEX-1.csproj", "{B7249EEE-A45D-4562-A3D7-17F211645BAD}"
EndProject
Project("{9A19103F-16F7-4668-BE54-9A1E7A4F7556}") = "WhereSelect", "WhereSelect\WhereSelect.csproj", "{C01714FD-6F90-4011-A648-A2DF341B29B3}"
EndProject
Project("{9A19103F-16F7-4668-BE54-9A1E7A4F7556}") = "LinqEx-2", "LinqEx-2\LinqEx-2.csproj", "{0558CD4A-7E9A-423B-AC46-BFE48AD7E5BA}"
EndProject
Project("{FAE04EC0-301F-11D3-BF4B-00C04F79EFBC}") = "RefEx4", "RefEx4\RefEx4.csproj", "{A35DAACA-49EE-4C11-8D4A-C6E4B99E664C}"
EndProject
Project("{FAE04EC0-301F-11D3-BF4B-00C04F79EFBC}") = "RefEx-5", "RefEx-5\RefEx-5.csproj", "{069776D0-FEFA-4232-AF47-7275C897D639}"
EndProject
Global
	GlobalSection(SolutionConfigurationPlatforms) = preSolution
		Debug|Any CPU = Debug|Any CPU
		Release|Any CPU = Release|Any CPU
	EndGlobalSection
	GlobalSection(ProjectConfigurationPlatforms) = postSolution
		{A8746A4A-DC1F-4045-B77A-D204C8B52961}.Debug|Any CPU.ActiveCfg = Debug|Any CPU
		{A8746A4A-DC1F-4045-B77A-D204C8B52961}.Debug|Any CPU.Build.0 = Debug|Any CPU
		{A8746A4A-DC1F-4045-B77A-D204C8B52961}.Release|Any CPU.ActiveCfg = Release|Any CPU
		{A8746A4A-DC1F-4045-B77A-D204C8B52961}.Release|Any CPU.Build.0 = Release|Any CPU
		{0A771055-EA03-493C-A936-F0FAC8831A6D}.Debug|Any CPU.ActiveCfg = Debug|Any CPU
		{0A771055-EA03-493C-A936-F0FAC8831A6D}.Debug|Any CPU.Build.0 = Debug|Any CPU
		{0A771055-EA03-493C-A936-F0FAC8831A6D}.Release|Any CPU.ActiveCfg = Release|Any CPU
		{0A771055-EA03-493C-A936-F0FAC8831A6D}.Release|Any CPU.Build.0 = Release|Any CPU
		{854581F7-B071-45B1-B031-CA746D2DAC08}.Debug|Any CPU.ActiveCfg = Debug|Any CPU
		{854581F7-B071-45B1-B031-CA746D2DAC08}.Debug|Any CPU.Build.0 = Debug|Any CPU
		{854581F7-B071-45B1-B031-CA746D2DAC08}.Release|Any CPU.ActiveCfg = Release|Any CPU
		{854581F7-B071-45B1-B031-CA746D2DAC08}.Release|Any CPU.Build.0 = Release|Any CPU
		{3FCB87CA-8B24-4BF9-8DB6-B7392D6BD08D}.Debug|Any CPU.ActiveCfg = Debug|Any CPU
		{3FCB87CA-8B24-4BF9-8DB6-B7392D6BD08D}.Debug|Any CPU.Build.0 = Debug|Any CPU
		{3FCB87CA-8B24-4BF9-8DB6-B7392D6BD08D}.Release|Any CPU.ActiveCfg = Release|Any CPU
		{3FCB87CA-8B24-4BF9-8DB6-B7392D6BD08D}.Release|Any CPU.Build.0 = Release|Any CPU
		{802F5CC5-2371-4051-9A95-431FD0E3545A}.Debug|Any CPU.ActiveCfg = Debug|Any CPU
		{802F5CC5-2371-4051-9A95-431FD0E3545A}.Debug|Any CPU.Build.0 = Debug|Any CPU
		{802F5CC5-2371-4051-9A95-431FD0E3545A}.Release|Any CPU.ActiveCfg = Release|Any CPU
		{802F5CC5-2371-4051-9A95-431FD0E3545A}.Release|Any CPU.Build.0 = Release|Any CPU
		{A5637085-8D68-4D77-96DE-33CFC7FC73A7}.Debug|Any CPU.ActiveCfg = Debug|Any CPU
		{A5637085-8D68-4D77-96DE-33CFC7FC73A7}.Debug|Any CPU.Build.0 = Debug|Any CPU
		{A5637085-8D68-4D77-96DE-33CFC7FC73A7}.Release|Any CPU.ActiveCfg = Release|Any CPU
		{A5637085-8D68-4D77-96DE-33CFC7FC73A7}.Release|Any CPU.Build.0 = Release|Any CPU
		{10644D02-42DB-491D-BEBC-5565A2812CF2}.Debug|Any CPU.ActiveCfg = Debug|Any CPU
		{10644D02-42DB-491D-BEBC-5565A2812CF2}.Debug|Any CPU.Build.0 = Debug|Any CPU
		{10644D02-42DB-491D-BEBC-5565A2812CF2}.Release|Any CPU.ActiveCfg = Release|Any CPU
		{10644D02-42DB-491D-BEBC-5565A2812CF2}.Release|Any CPU.Build.0 = Release|Any CPU
		{0666825F-1D41-4A27-A6A1-99F6FF357042}.Debug|Any CPU.ActiveCfg = Debug|Any CPU
		{0666825F-1D41-4A27-A6A1-99F6FF357042}.Debug|Any CPU.Build.0 = Debug|Any CPU
		{0666825F-1D41-4A27-A6A1-99F6FF357042}.Release|Any CPU.ActiveCfg = Release|Any CPU
		{0666825F-1D41-4A27-A6A1-99F6FF357042}.Release|Any CPU.Build.0 = Release|Any CPU
		{6CC72B8F-8C7D-4F1A-BA98-F3CC55F04DA4}.Debug|Any CPU.ActiveCfg = Debug|Any CPU
		{6CC72B8F-8C7D-4F1A-BA98-F3CC55F04DA4}.Debug|Any CPU.Build.0 = Debug|Any CPU
		{6CC72B8F-8C7D-4F1A-BA98-F3CC55F04DA4}.Release|Any CPU.ActiveCfg = Release|Any CPU
		{6CC72B8F-8C7D-4F1A-BA98-F3CC55F04DA4}.Release|Any CPU.Build.0 = Release|Any CPU
		{C796BCFD-06B7-4BA5-8359-FF6FC8F9C9FC}.Debug|Any CPU.ActiveCfg = Debug|Any CPU
		{C796BCFD-06B7-4BA5-8359-FF6FC8F9C9FC}.Debug|Any CPU.Build.0 = Debug|Any CPU
		{C796BCFD-06B7-4BA5-8359-FF6FC8F9C9FC}.Release|Any CPU.ActiveCfg = Release|Any CPU
		{C796BCFD-06B7-4BA5-8359-FF6FC8F9C9FC}.Release|Any CPU.Build.0 = Release|Any CPU
		{03B6CDB9-52AF-4E95-8B28-E765CDEF7522}.Debug|Any CPU.ActiveCfg = Debug|Any CPU
		{03B6CDB9-52AF-4E95-8B28-E765CDEF7522}.Debug|Any CPU.Build.0 = Debug|Any CPU
		{03B6CDB9-52AF-4E95-8B28-E765CDEF7522}.Release|Any CPU.ActiveCfg = Release|Any CPU
		{03B6CDB9-52AF-4E95-8B28-E765CDEF7522}.Release|Any CPU.Build.0 = Release|Any CPU
		{DD68EAAD-56CA-4B8D-9323-08E8B89AC1A1}.Debug|Any CPU.ActiveCfg = Debug|Any CPU
		{DD68EAAD-56CA-4B8D-9323-08E8B89AC1A1}.Debug|Any CPU.Build.0 = Debug|Any CPU
		{DD68EAAD-56CA-4B8D-9323-08E8B89AC1A1}.Release|Any CPU.ActiveCfg = Release|Any CPU
		{DD68EAAD-56CA-4B8D-9323-08E8B89AC1A1}.Release|Any CPU.Build.0 = Release|Any CPU
		{DA65B51F-CEAD-4501-A4CC-6C560EF3B106}.Debug|Any CPU.ActiveCfg = Debug|Any CPU
		{DA65B51F-CEAD-4501-A4CC-6C560EF3B106}.Debug|Any CPU.Build.0 = Debug|Any CPU
		{DA65B51F-CEAD-4501-A4CC-6C560EF3B106}.Release|Any CPU.ActiveCfg = Release|Any CPU
		{DA65B51F-CEAD-4501-A4CC-6C560EF3B106}.Release|Any CPU.Build.0 = Release|Any CPU
		{2A423E97-1341-49FD-9038-071DE3FB6E7A}.Debug|Any CPU.ActiveCfg = Debug|Any CPU
		{2A423E97-1341-49FD-9038-071DE3FB6E7A}.Debug|Any CPU.Build.0 = Debug|Any CPU
		{2A423E97-1341-49FD-9038-071DE3FB6E7A}.Release|Any CPU.ActiveCfg = Release|Any CPU
		{2A423E97-1341-49FD-9038-071DE3FB6E7A}.Release|Any CPU.Build.0 = Release|Any CPU
		{67EF25BD-13EB-4028-8236-BD59D98ADE9C}.Debug|Any CPU.ActiveCfg = Debug|Any CPU
		{67EF25BD-13EB-4028-8236-BD59D98ADE9C}.Debug|Any CPU.Build.0 = Debug|Any CPU
		{67EF25BD-13EB-4028-8236-BD59D98ADE9C}.Release|Any CPU.ActiveCfg = Release|Any CPU
		{67EF25BD-13EB-4028-8236-BD59D98ADE9C}.Release|Any CPU.Build.0 = Release|Any CPU
		{B4DE2FA8-BA4D-444D-ACA5-1E49E4471D59}.Debug|Any CPU.ActiveCfg = Debug|Any CPU
		{B4DE2FA8-BA4D-444D-ACA5-1E49E4471D59}.Debug|Any CPU.Build.0 = Debug|Any CPU
		{B4DE2FA8-BA4D-444D-ACA5-1E49E4471D59}.Release|Any CPU.ActiveCfg = Release|Any CPU
		{B4DE2FA8-BA4D-444D-ACA5-1E49E4471D59}.Release|Any CPU.Build.0 = Release|Any CPU
		{AE5F5EDC-EA83-4EDB-B525-983D6A287655}.Debug|Any CPU.ActiveCfg = Debug|Any CPU
		{AE5F5EDC-EA83-4EDB-B525-983D6A287655}.Debug|Any CPU.Build.0 = Debug|Any CPU
		{AE5F5EDC-EA83-4EDB-B525-983D6A287655}.Release|Any CPU.ActiveCfg = Release|Any CPU
		{AE5F5EDC-EA83-4EDB-B525-983D6A287655}.Release|Any CPU.Build.0 = Release|Any CPU
		{C10858D1-8F17-48CC-88BA-A77C8E62F683}.Debug|Any CPU.ActiveCfg = Debug|Any CPU
		{C10858D1-8F17-48CC-88BA-A77C8E62F683}.Debug|Any CPU.Build.0 = Debug|Any CPU
		{C10858D1-8F17-48CC-88BA-A77C8E62F683}.Release|Any CPU.ActiveCfg = Release|Any CPU
		{C10858D1-8F17-48CC-88BA-A77C8E62F683}.Release|Any CPU.Build.0 = Release|Any CPU
		{4F170A81-82EA-4A4A-92C8-D7723166E256}.Debug|Any CPU.ActiveCfg = Debug|Any CPU
		{4F170A81-82EA-4A4A-92C8-D7723166E256}.Debug|Any CPU.Build.0 = Debug|Any CPU
		{4F170A81-82EA-4A4A-92C8-D7723166E256}.Release|Any CPU.ActiveCfg = Release|Any CPU
		{4F170A81-82EA-4A4A-92C8-D7723166E256}.Release|Any CPU.Build.0 = Release|Any CPU
		{B12E62B3-917E-4112-9BE1-58E4E5FAB153}.Debug|Any CPU.ActiveCfg = Debug|Any CPU
		{B12E62B3-917E-4112-9BE1-58E4E5FAB153}.Debug|Any CPU.Build.0 = Debug|Any CPU
		{B12E62B3-917E-4112-9BE1-58E4E5FAB153}.Release|Any CPU.ActiveCfg = Release|Any CPU
		{B12E62B3-917E-4112-9BE1-58E4E5FAB153}.Release|Any CPU.Build.0 = Release|Any CPU
		{BE564010-CC56-4D5C-B92F-E4190131B84D}.Debug|Any CPU.ActiveCfg = Debug|Any CPU
		{BE564010-CC56-4D5C-B92F-E4190131B84D}.Debug|Any CPU.Build.0 = Debug|Any CPU
		{BE564010-CC56-4D5C-B92F-E4190131B84D}.Release|Any CPU.ActiveCfg = Release|Any CPU
		{BE564010-CC56-4D5C-B92F-E4190131B84D}.Release|Any CPU.Build.0 = Release|Any CPU
		{A720D7FB-C338-4A42-80E6-6E98C46679AE}.Debug|Any CPU.ActiveCfg = Debug|Any CPU
		{A720D7FB-C338-4A42-80E6-6E98C46679AE}.Debug|Any CPU.Build.0 = Debug|Any CPU
		{A720D7FB-C338-4A42-80E6-6E98C46679AE}.Release|Any CPU.ActiveCfg = Release|Any CPU
		{A720D7FB-C338-4A42-80E6-6E98C46679AE}.Release|Any CPU.Build.0 = Release|Any CPU
		{B7249EEE-A45D-4562-A3D7-17F211645BAD}.Debug|Any CPU.ActiveCfg = Debug|Any CPU
		{B7249EEE-A45D-4562-A3D7-17F211645BAD}.Debug|Any CPU.Build.0 = Debug|Any CPU
		{B7249EEE-A45D-4562-A3D7-17F211645BAD}.Release|Any CPU.ActiveCfg = Release|Any CPU
		{B7249EEE-A45D-4562-A3D7-17F211645BAD}.Release|Any CPU.Build.0 = Release|Any CPU
		{C01714FD-6F90-4011-A648-A2DF341B29B3}.Debug|Any CPU.ActiveCfg = Debug|Any CPU
		{C01714FD-6F90-4011-A648-A2DF341B29B3}.Debug|Any CPU.Build.0 = Debug|Any CPU
		{C01714FD-6F90-4011-A648-A2DF341B29B3}.Release|Any CPU.ActiveCfg = Release|Any CPU
		{C01714FD-6F90-4011-A648-A2DF341B29B3}.Release|Any CPU.Build.0 = Release|Any CPU
		{0558CD4A-7E9A-423B-AC46-BFE48AD7E5BA}.Debug|Any CPU.ActiveCfg = Debug|Any CPU
		{0558CD4A-7E9A-423B-AC46-BFE48AD7E5BA}.Debug|Any CPU.Build.0 = Debug|Any CPU
		{0558CD4A-7E9A-423B-AC46-BFE48AD7E5BA}.Release|Any CPU.ActiveCfg = Release|Any CPU
		{0558CD4A-7E9A-423B-AC46-BFE48AD7E5BA}.Release|Any CPU.Build.0 = Release|Any CPU
		{A35DAACA-49EE-4C11-8D4A-C6E4B99E664C}.Debug|Any CPU.ActiveCfg = Debug|Any CPU
		{A35DAACA-49EE-4C11-8D4A-C6E4B99E664C}.Debug|Any CPU.Build.0 = Debug|Any CPU
		{A35DAACA-49EE-4C11-8D4A-C6E4B99E664C}.Release|Any CPU.ActiveCfg = Release|Any CPU
		{A35DAACA-49EE-4C11-8D4A-C6E4B99E664C}.Release|Any CPU.Build.0 = Release|Any CPU
		{069776D0-FEFA-4232-AF47-7275C897D639}.Debug|Any CPU.ActiveCfg = Debug|Any CPU
		{069776D0-FEFA-4232-AF47-7275C897D639}.Debug|Any CPU.Build.0 = Debug|Any CPU
		{069776D0-FEFA-4232-AF47-7275C897D639}.Release|Any CPU.ActiveCfg = Release|Any CPU
		{069776D0-FEFA-4232-AF47-7275C897D639}.Release|Any CPU.Build.0 = Release|Any CPU
	EndGlobalSection
	GlobalSection(SolutionProperties) = preSolution
		HideSolutionNode = FALSE
	EndGlobalSection
	GlobalSection(NestedProjects) = preSolution
		{A5637085-8D68-4D77-96DE-33CFC7FC73A7} = {FCD60A90-CB69-487F-BC85-5F92F201F16D}
		{10644D02-42DB-491D-BEBC-5565A2812CF2} = {FCD60A90-CB69-487F-BC85-5F92F201F16D}
		{03B6CDB9-52AF-4E95-8B28-E765CDEF7522} = {BDF34D23-5919-4071-BC7B-3161823C81ED}
		{DD68EAAD-56CA-4B8D-9323-08E8B89AC1A1} = {FCD60A90-CB69-487F-BC85-5F92F201F16D}
		{2A423E97-1341-49FD-9038-071DE3FB6E7A} = {5118E834-3ACB-40E2-A364-C348073347D7}
		{67EF25BD-13EB-4028-8236-BD59D98ADE9C} = {5118E834-3ACB-40E2-A364-C348073347D7}
		{B4DE2FA8-BA4D-444D-ACA5-1E49E4471D59} = {5118E834-3ACB-40E2-A364-C348073347D7}
		{AE5F5EDC-EA83-4EDB-B525-983D6A287655} = {5118E834-3ACB-40E2-A364-C348073347D7}
		{4F170A81-82EA-4A4A-92C8-D7723166E256} = {5118E834-3ACB-40E2-A364-C348073347D7}
		{B12E62B3-917E-4112-9BE1-58E4E5FAB153} = {5118E834-3ACB-40E2-A364-C348073347D7}
		{BE564010-CC56-4D5C-B92F-E4190131B84D} = {FCD60A90-CB69-487F-BC85-5F92F201F16D}
		{A720D7FB-C338-4A42-80E6-6E98C46679AE} = {FCD60A90-CB69-487F-BC85-5F92F201F16D}
		{B7249EEE-A45D-4562-A3D7-17F211645BAD} = {94707E0D-2B9F-4ABE-9FF0-06F2C0181513}
		{C01714FD-6F90-4011-A648-A2DF341B29B3} = {94707E0D-2B9F-4ABE-9FF0-06F2C0181513}
		{0558CD4A-7E9A-423B-AC46-BFE48AD7E5BA} = {94707E0D-2B9F-4ABE-9FF0-06F2C0181513}
	EndGlobalSection
	GlobalSection(ExtensibilityGlobals) = postSolution
		SolutionGuid = {945AEFCE-BDDC-4B45-8A90-F0EDC5879B84}
	EndGlobalSection
EndGlobal
